
Microsoft Visual Studio Solution File, Format Version 11.00
# Visual Studio 2010
Project("{FAE04EC0-301F-11D3-BF4B-00C04F79EFBC}") = "Assembly-CSharp", "Assembly-CSharp.csproj", "{6CF9CF8A-D2FF-2A7B-967D-70DAD866898B}"
EndProject
Project("{FAE04EC0-301F-11D3-BF4B-00C04F79EFBC}") = "Assembly-CSharp-Editor", "Assembly-CSharp-Editor.csproj", "{B18E7594-C181-79D1-63E6-CA647ED3262A}"
EndProject
Global
	GlobalSection(SolutionConfigurationPlatforms) = preSolution
		Debug|Any CPU = Debug|Any CPU
		Release|Any CPU = Release|Any CPU
	EndGlobalSection
	GlobalSection(ProjectConfigurationPlatforms) = postSolution
		{6CF9CF8A-D2FF-2A7B-967D-70DAD866898B}.Debug|Any CPU.ActiveCfg = Debug|Any CPU
		{6CF9CF8A-D2FF-2A7B-967D-70DAD866898B}.Debug|Any CPU.Build.0 = Debug|Any CPU
		{6CF9CF8A-D2FF-2A7B-967D-70DAD866898B}.Release|Any CPU.ActiveCfg = Release|Any CPU
		{6CF9CF8A-D2FF-2A7B-967D-70DAD866898B}.Release|Any CPU.Build.0 = Release|Any CPU
		{B18E7594-C181-79D1-63E6-CA647ED3262A}.Debug|Any CPU.ActiveCfg = Debug|Any CPU
		{B18E7594-C181-79D1-63E6-CA647ED3262A}.Debug|Any CPU.Build.0 = Debug|Any CPU
		{B18E7594-C181-79D1-63E6-CA647ED3262A}.Release|Any CPU.ActiveCfg = Release|Any CPU
		{B18E7594-C181-79D1-63E6-CA647ED3262A}.Release|Any CPU.Build.0 = Release|Any CPU
	EndGlobalSection
	GlobalSection(SolutionProperties) = preSolution
		HideSolutionNode = FALSE
	EndGlobalSection
	GlobalSection(MonoDevelopProperties) = preSolution
		StartupItem = Assembly-CSharp.csproj
	EndGlobalSection
EndGlobal
